lockfileVersion: 5.4

specifiers:
  turbo: latest

devDependencies:
  turbo: 1.8.4

packages:

  /turbo-darwin-64/1.8.4:
    resolution: {integrity: sha512-5fKhrm8Skl5niCcYnmNc1pNDAH48EHS7yio7s06btlTjvSdSsT+Dw+wQiAmGrAmpbqN3Xr7cKZwD749/Q1zS/A==}
    cpu: [x64]
    os: [darwin]
    requiresBuild: true
    dev: true
    optional: true

  /turbo-darwin-arm64/1.8.4:
    resolution: {integrity: sha512-4+5KbJ4msMB8/O5yj1TArfPw8XU0BYwJC35d/fAHb+NcVOg0XbOEOeYUcstMgAbYmD0aOjCKAvdBN85xdsdjGg==}
    cpu: [arm64]
    os: [darwin]
    requiresBuild: true
    dev: true
    optional: true

  /turbo-linux-64/1.8.4:
    resolution: {integrity: sha512-c97Cjgm6aJ0KeivLJVEherImI2FQuQPfajwWgFWo5+WD11Zwy8ZTn7QrLJ7RMJr2dXnSo50yfy+xr/r6D55A0w==}
    cpu: [x64]
    os: [linux]
    requiresBuild: true
    dev: true
    optional: true

  /turbo-linux-arm64/1.8.4:
    resolution: {integrity: sha512-FgA4LaI3CbSxpABxGydRBZWGoj03hiUWNoFo6GLdkDHam3x7Ky85Y9sTHOV59teCEQHjI04OfsjLulOhIsWh3Q==}
    cpu: [arm64]
    os: [linux]
    requiresBuild: true
    dev: true
    optional: true

  /turbo-windows-64/1.8.4:
    resolution: {integrity: sha512-AO3Wo+uGo0fs5/7fBlp05WjhnjYLoiP5NeZ7Up3PyR64MnkkwPM5a2hks2778ZgE24dTha7/CVGF1sxn4tF7Kw==}
    cpu: [x64]
    os: [win32]
    requiresBuild: true
    dev: true
    optional: true

  /turbo-windows-arm64/1.8.4:
    resolution: {integrity: sha512-BAV8gTcu3q89rcMvTo7AfkSgCEaZvW9dH6SLqpLcDKACA/rdLhnn9WFTchj7DIHJIcs2+Do5KCjLoV4KhrC2YA==}
    cpu: [arm64]
    os: [win32]
    requiresBuild: true
    dev: true
    optional: true

  /turbo/1.8.4:
    resolution: {integrity: sha512-ziVcsr0zhdmgfEzkaYF7q9h6BhBl4pDo1miRNsxIbEuxXQKaFGmsyW0WBM8/qaAC41by5lRHOdaZo9QMArmEJQ==}
    hasBin: true
    requiresBuild: true
    optionalDependencies:
      turbo-darwin-64: 1.8.4
      turbo-darwin-arm64: 1.8.4
      turbo-linux-64: 1.8.4
      turbo-linux-arm64: 1.8.4
      turbo-windows-64: 1.8.4
      turbo-windows-arm64: 1.8.4
    dev: true
